// !$*UTF8*$!
{
	archiveVersion = 1;
	classes = {
	};
	objectVersion = 55;
	objects = {

/* Begin PBXBuildFile section */
		EB2AABBB2840986200A564A9 /* StopsResponse.swift in Sources */ = {isa = PBXBuildFile; fileRef = EB2AABBA2840986200A564A9 /* StopsResponse.swift */; };
		EB2AABBE2840A82800A564A9 /* Alamofire in Frameworks */ = {isa = PBXBuildFile; productRef = EB2AABBD2840A82800A564A9 /* Alamofire */; };
		EB2AABC02840A9A500A564A9 /* NetworkingProvider.swift in Sources */ = {isa = PBXBuildFile; fileRef = EB2AABBF2840A9A500A564A9 /* NetworkingProvider.swift */; };
		EB2AABC52848D2C800A564A9 /* DetailStopView.swift in Sources */ = {isa = PBXBuildFile; fileRef = EB2AABC42848D2C800A564A9 /* DetailStopView.swift */; };
		EB2AABCA28491D9C00A564A9 /* AddStopViewModel.swift in Sources */ = {isa = PBXBuildFile; fileRef = EB2AABC928491D9C00A564A9 /* AddStopViewModel.swift */; };
		EB3D7F56282E73FC00FBD3FA /* StopValues.swift in Sources */ = {isa = PBXBuildFile; fileRef = EB3D7F55282E73FC00FBD3FA /* StopValues.swift */; };
		EBB3C44E2816A25500768C2E /* HorariosBusApp.swift in Sources */ = {isa = PBXBuildFile; fileRef = EBB3C44D2816A25500768C2E /* HorariosBusApp.swift */; };
		EBB3C4502816A25500768C2E /* ContentView.swift in Sources */ = {isa = PBXBuildFile; fileRef = EBB3C44F2816A25500768C2E /* ContentView.swift */; };
		EBB3C4522816A25700768C2E /* Assets.xcassets in Resources */ = {isa = PBXBuildFile; fileRef = EBB3C4512816A25700768C2E /* Assets.xcassets */; };
		EBB3C4552816A25700768C2E /* Preview Assets.xcassets in Resources */ = {isa = PBXBuildFile; fileRef = EBB3C4542816A25700768C2E /* Preview Assets.xcassets */; };
		EBB3C45D2816BD8800768C2E /* HorariosBus.xcdatamodeld in Sources */ = {isa = PBXBuildFile; fileRef = EBB3C45B2816BD8800768C2E /* HorariosBus.xcdatamodeld */; };
		EBB3C45F2816C16400768C2E /* PersistenceController.swift in Sources */ = {isa = PBXBuildFile; fileRef = EBB3C45E2816C16400768C2E /* PersistenceController.swift */; };
		EBB3C4632817159400768C2E /* SearchBusStopView.swift in Sources */ = {isa = PBXBuildFile; fileRef = EBB3C4622817159400768C2E /* SearchBusStopView.swift */; };
		EBB3C4652818491100768C2E /* SelectorView.swift in Sources */ = {isa = PBXBuildFile; fileRef = EBB3C4642818491100768C2E /* SelectorView.swift */; };
		EBB3C46728185D5A00768C2E /* CellStopView.swift in Sources */ = {isa = PBXBuildFile; fileRef = EBB3C46628185D5A00768C2E /* CellStopView.swift */; };
/* End PBXBuildFile section */

/* Begin PBXFileReference section */
		EB2AABBA2840986200A564A9 /* StopsResponse.swift */ = {isa = PBXFileReference; lastKnownFileType = sourcecode.swift; path = StopsResponse.swift; sourceTree = "<group>"; };
		EB2AABBF2840A9A500A564A9 /* NetworkingProvider.swift */ = {isa = PBXFileReference; lastKnownFileType = sourcecode.swift; path = NetworkingProvider.swift; sourceTree = "<group>"; };
		EB2AABC42848D2C800A564A9 /* DetailStopView.swift */ = {isa = PBXFileReference; lastKnownFileType = sourcecode.swift; path = DetailStopView.swift; sourceTree = "<group>"; };
		EB2AABC928491D9C00A564A9 /* AddStopViewModel.swift */ = {isa = PBXFileReference; lastKnownFileType = sourcecode.swift; path = AddStopViewModel.swift; sourceTree = "<group>"; };
		EB3D7F55282E73FC00FBD3FA /* StopValues.swift */ = {isa = PBXFileReference; lastKnownFileType = sourcecode.swift; path = StopValues.swift; sourceTree = "<group>"; };
		EBB3C44A2816A25500768C2E /* HorariosBus.app */ = {isa = PBXFileReference; explicitFileType = wrapper.application; includeInIndex = 0; path = HorariosBus.app; sourceTree = BUILT_PRODUCTS_DIR; };
		EBB3C44D2816A25500768C2E /* HorariosBusApp.swift */ = {isa = PBXFileReference; lastKnownFileType = sourcecode.swift; path = HorariosBusApp.swift; sourceTree = "<group>"; };
		EBB3C44F2816A25500768C2E /* ContentView.swift */ = {isa = PBXFileReference; lastKnownFileType = sourcecode.swift; path = ContentView.swift; sourceTree = "<group>"; };
		EBB3C4512816A25700768C2E /* Assets.xcassets */ = {isa = PBXFileReference; lastKnownFileType = folder.assetcatalog; path = Assets.xcassets; sourceTree = "<group>"; };
		EBB3C4542816A25700768C2E /* Preview Assets.xcassets */ = {isa = PBXFileReference; lastKnownFileType = folder.assetcatalog; path = "Preview Assets.xcassets"; sourceTree = "<group>"; };
		EBB3C45C2816BD8800768C2E /* HorariosBus.xcdatamodel */ = {isa = PBXFileReference; lastKnownFileType = wrapper.xcdatamodel; path = HorariosBus.xcdatamodel; sourceTree = "<group>"; };
		EBB3C45E2816C16400768C2E /* PersistenceController.swift */ = {isa = PBXFileReference; lastKnownFileType = sourcecode.swift; path = PersistenceController.swift; sourceTree = "<group>"; };
		EBB3C4622817159400768C2E /* SearchBusStopView.swift */ = {isa = PBXFileReference; lastKnownFileType = sourcecode.swift; path = SearchBusStopView.swift; sourceTree = "<group>"; };
		EBB3C4642818491100768C2E /* SelectorView.swift */ = {isa = PBXFileReference; lastKnownFileType = sourcecode.swift; path = SelectorView.swift; sourceTree = "<group>"; };
		EBB3C46628185D5A00768C2E /* CellStopView.swift */ = {isa = PBXFileReference; lastKnownFileType = sourcecode.swift; path = CellStopView.swift; sourceTree = "<group>"; };
/* End PBXFileReference section */

/* Begin PBXFrameworksBuildPhase section */
		EBB3C4472816A25500768C2E /* Frameworks */ = {
			isa = PBXFrameworksBuildPhase;
			buildActionMask = 2147483647;
			files = (
				EB2AABBE2840A82800A564A9 /* Alamofire in Frameworks */,
			);
			runOnlyForDeploymentPostprocessing = 0;
		};
/* End PBXFrameworksBuildPhase section */

/* Begin PBXGroup section */
		EB2AABB92840980600A564A9 /* Networking */ = {
			isa = PBXGroup;
			children = (
				EB2AABC12840A9A900A564A9 /* Data */,
				EB2AABBF2840A9A500A564A9 /* NetworkingProvider.swift */,
			);
			path = Networking;
			sourceTree = "<group>";
		};
		EB2AABC12840A9A900A564A9 /* Data */ = {
			isa = PBXGroup;
			children = (
				EB2AABBA2840986200A564A9 /* StopsResponse.swift */,
			);
			path = Data;
			sourceTree = "<group>";
		};
		EB2AABC828491D3500A564A9 /* ViewModels */ = {
			isa = PBXGroup;
			children = (
				EB2AABC928491D9C00A564A9 /* AddStopViewModel.swift */,
			);
			path = ViewModels;
			sourceTree = "<group>";
		};
		EB3D7F54282E73E200FBD3FA /* Model */ = {
			isa = PBXGroup;
			children = (
				EB3D7F55282E73FC00FBD3FA /* StopValues.swift */,
			);
			path = Model;
			sourceTree = "<group>";
		};
		EBB3C4412816A25500768C2E = {
			isa = PBXGroup;
			children = (
				EBB3C44C2816A25500768C2E /* HorariosBus */,
				EBB3C44B2816A25500768C2E /* Products */,
			);
			sourceTree = "<group>";
		};
		EBB3C44B2816A25500768C2E /* Products */ = {
			isa = PBXGroup;
			children = (
				EBB3C44A2816A25500768C2E /* HorariosBus.app */,
			);
			name = Products;
			sourceTree = "<group>";
		};
		EBB3C44C2816A25500768C2E /* HorariosBus */ = {
			isa = PBXGroup;
			children = (
				EBB3C44D2816A25500768C2E /* HorariosBusApp.swift */,
				EBB3C4602817153D00768C2E /* View */,
				EB2AABC828491D3500A564A9 /* ViewModels */,
				EB3D7F54282E73E200FBD3FA /* Model */,
				EBB3C4612817155100768C2E /* CoreData */,
				EB2AABB92840980600A564A9 /* Networking */,
				EBB3C4512816A25700768C2E /* Assets.xcassets */,
				EBB3C4532816A25700768C2E /* Preview Content */,
			);
			path = HorariosBus;
			sourceTree = "<group>";
		};
		EBB3C4532816A25700768C2E /* Preview Content */ = {
			isa = PBXGroup;
			children = (
				EBB3C4542816A25700768C2E /* Preview Assets.xcassets */,
			);
			path = "Preview Content";
			sourceTree = "<group>";
		};
		EBB3C4602817153D00768C2E /* View */ = {
			isa = PBXGroup;
			children = (
				EBB3C44F2816A25500768C2E /* ContentView.swift */,
				EBB3C4622817159400768C2E /* SearchBusStopView.swift */,
				EBB3C46628185D5A00768C2E /* CellStopView.swift */,
				EBB3C4642818491100768C2E /* SelectorView.swift */,
				EB2AABC42848D2C800A564A9 /* DetailStopView.swift */,
			);
			path = View;
			sourceTree = "<group>";
		};
		EBB3C4612817155100768C2E /* CoreData */ = {
			isa = PBXGroup;
			children = (
				EBB3C45B2816BD8800768C2E /* HorariosBus.xcdatamodeld */,
				EBB3C45E2816C16400768C2E /* PersistenceController.swift */,
			);
			path = CoreData;
			sourceTree = "<group>";
		};
/* End PBXGroup section */

/* Begin PBXNativeTarget section */
		EBB3C4492816A25500768C2E /* HorariosBus */ = {
			isa = PBXNativeTarget;
			buildConfigurationList = EBB3C4582816A25700768C2E /* Build configuration list for PBXNativeTarget "HorariosBus" */;
			buildPhases = (
				EBB3C4462816A25500768C2E /* Sources */,
				EBB3C4472816A25500768C2E /* Frameworks */,
				EBB3C4482816A25500768C2E /* Resources */,
			);
			buildRules = (
			);
			dependencies = (
			);
			name = HorariosBus;
			packageProductDependencies = (
				EB2AABBD2840A82800A564A9 /* Alamofire */,
			);
			productName = HorariosBus;
			productReference = EBB3C44A2816A25500768C2E /* HorariosBus.app */;
			productType = "com.apple.product-type.application";
		};
/* End PBXNativeTarget section */

/* Begin PBXProject section */
		EBB3C4422816A25500768C2E /* Project object */ = {
			isa = PBXProject;
			attributes = {
				BuildIndependentTargetsInParallel = 1;
				LastSwiftUpdateCheck = 1330;
				LastUpgradeCheck = 1330;
				TargetAttributes = {
					EBB3C4492816A25500768C2E = {
						CreatedOnToolsVersion = 13.3.1;
					};
				};
			};
			buildConfigurationList = EBB3C4452816A25500768C2E /* Build configuration list for PBXProject "HorariosBus" */;
			compatibilityVersion = "Xcode 13.0";
			developmentRegion = en;
			hasScannedForEncodings = 0;
			knownRegions = (
				en,
				Base,
			);
			mainGroup = EBB3C4412816A25500768C2E;
			packageReferences = (
				EB2AABBC2840A82800A564A9 /* XCRemoteSwiftPackageReference "Alamofire" */,
			);
			productRefGroup = EBB3C44B2816A25500768C2E /* Products */;
			projectDirPath = "";
			projectRoot = "";
			targets = (
				EBB3C4492816A25500768C2E /* HorariosBus */,
			);
		};
/* End PBXProject section */

/* Begin PBXResourcesBuildPhase section */
		EBB3C4482816A25500768C2E /* Resources */ = {
			isa = PBXResourcesBuildPhase;
			buildActionMask = 2147483647;
			files = (
				EBB3C4552816A25700768C2E /* Preview Assets.xcassets in Resources */,
				EBB3C4522816A25700768C2E /* Assets.xcassets in Resources */,
			);
			runOnlyForDeploymentPostprocessing = 0;
		};
/* End PBXResourcesBuildPhase section */

/* Begin PBXSourcesBuildPhase section */
		EBB3C4462816A25500768C2E /* Sources */ = {
			isa = PBXSourcesBuildPhase;
			buildActionMask = 2147483647;
			files = (
				EB3D7F56282E73FC00FBD3FA /* StopValues.swift in Sources */,
				EB2AABCA28491D9C00A564A9 /* AddStopViewModel.swift in Sources */,
				EB2AABC52848D2C800A564A9 /* DetailStopView.swift in Sources */,
				EB2AABBB2840986200A564A9 /* StopsResponse.swift in Sources */,
				EBB3C46728185D5A00768C2E /* CellStopView.swift in Sources */,
				EBB3C45D2816BD8800768C2E /* HorariosBus.xcdatamodeld in Sources */,
				EBB3C45F2816C16400768C2E /* PersistenceController.swift in Sources */,
				EBB3C4502816A25500768C2E /* ContentView.swift in Sources */,
				EBB3C4632817159400768C2E /* SearchBusStopView.swift in Sources */,
				EBB3C44E2816A25500768C2E /* HorariosBusApp.swift in Sources */,
				EB2AABC02840A9A500A564A9 /* NetworkingProvider.swift in Sources */,
				EBB3C4652818491100768C2E /* SelectorView.swift in Sources */,
			);
			runOnlyForDeploymentPostprocessing = 0;
		};
/* End PBXSourcesBuildPhase section */

/* Begin XCBuildConfiguration section */
		EBB3C4562816A25700768C2E /* Debug */ = {
			isa = XCBuildConfiguration;
			buildSettings = {
				ALWAYS_SEARCH_USER_PATHS = NO;
				CLANG_ANALYZER_NONNULL = YES;
				CLANG_ANALYZER_NUMBER_OBJECT_CONVERSION = YES_AGGRESSIVE;
				CLANG_CXX_LANGUAGE_STANDARD = "gnu++17";
				CLANG_ENABLE_MODULES = YES;
				CLANG_ENABLE_OBJC_ARC = YES;
				CLANG_ENABLE_OBJC_WEAK = YES;
				CLANG_WARN_BLOCK_CAPTURE_AUTORELEASING = YES;
				CLANG_WARN_BOOL_CONVERSION = YES;
				CLANG_WARN_COMMA = YES;
				CLANG_WARN_CONSTANT_CONVERSION = YES;
				CLANG_WARN_DEPRECATED_OBJC_IMPLEMENTATIONS = YES;
				CLANG_WARN_DIRECT_OBJC_ISA_USAGE = YES_ERROR;
				CLANG_WARN_DOCUMENTATION_COMMENTS = YES;
				CLANG_WARN_EMPTY_BODY = YES;
				CLANG_WARN_ENUM_CONVERSION = YES;
				CLANG_WARN_INFINITE_RECURSION = YES;
				CLANG_WARN_INT_CONVERSION = YES;
				CLANG_WARN_NON_LITERAL_NULL_CONVERSION = YES;
				CLANG_WARN_OBJC_IMPLICIT_RETAIN_SELF = YES;
				CLANG_WARN_OBJC_LITERAL_CONVERSION = YES;
				CLANG_WARN_OBJC_ROOT_CLASS = YES_ERROR;
				CLANG_WARN_QUOTED_INCLUDE_IN_FRAMEWORK_HEADER = YES;
				CLANG_WARN_RANGE_LOOP_ANALYSIS = YES;
				CLANG_WARN_STRICT_PROTOTYPES = YES;
				CLANG_WARN_SUSPICIOUS_MOVE = YES;
				CLANG_WARN_UNGUARDED_AVAILABILITY = YES_AGGRESSIVE;
				CLANG_WARN_UNREACHABLE_CODE = YES;
				CLANG_WARN__DUPLICATE_METHOD_MATCH = YES;
				COPY_PHASE_STRIP = NO;
				DEBUG_INFORMATION_FORMAT = dwarf;
				ENABLE_STRICT_OBJC_MSGSEND = YES;
				ENABLE_TESTABILITY = YES;
				GCC_C_LANGUAGE_STANDARD = gnu11;
				GCC_DYNAMIC_NO_PIC = NO;
				GCC_NO_COMMON_BLOCKS = YES;
				GCC_OPTIMIZATION_LEVEL = 0;
				GCC_PREPROCESSOR_DEFINITIONS = (
					"DEBUG=1",
					"$(inherited)",
				);
				GCC_WARN_64_TO_32_BIT_CONVERSION = YES;
				GCC_WARN_ABOUT_RETURN_TYPE = YES_ERROR;
				GCC_WARN_UNDECLARED_SELECTOR = YES;
				GCC_WARN_UNINITIALIZED_AUTOS = YES_AGGRESSIVE;
				GCC_WARN_UNUSED_FUNCTION = YES;
				GCC_WARN_UNUSED_VARIABLE = YES;
				IPHONEOS_DEPLOYMENT_TARGET = 15.4;
				MTL_ENABLE_DEBUG_INFO = INCLUDE_SOURCE;
				MTL_FAST_MATH = YES;
				ONLY_ACTIVE_ARCH = YES;
				SDKROOT = iphoneos;
				SWIFT_ACTIVE_COMPILATION_CONDITIONS = DEBUG;
				SWIFT_OPTIMIZATION_LEVEL = "-Onone";
			};
			name = Debug;
		};
		EBB3C4572816A25700768C2E /* Release */ = {
			isa = XCBuildConfiguration;
			buildSettings = {
				ALWAYS_SEARCH_USER_PATHS = NO;
				CLANG_ANALYZER_NONNULL = YES;
				CLANG_ANALYZER_NUMBER_OBJECT_CONVERSION = YES_AGGRESSIVE;
				CLANG_CXX_LANGUAGE_STANDARD = "gnu++17";
				CLANG_ENABLE_MODULES = YES;
				CLANG_ENABLE_OBJC_ARC = YES;
				CLANG_ENABLE_OBJC_WEAK = YES;
				CLANG_WARN_BLOCK_CAPTURE_AUTORELEASING = YES;
				CLANG_WARN_BOOL_CONVERSION = YES;
				CLANG_WARN_COMMA = YES;
				CLANG_WARN_CONSTANT_CONVERSION = YES;
				CLANG_WARN_DEPRECATED_OBJC_IMPLEMENTATIONS = YES;
				CLANG_WARN_DIRECT_OBJC_ISA_USAGE = YES_ERROR;
				CLANG_WARN_DOCUMENTATION_COMMENTS = YES;
				CLANG_WARN_EMPTY_BODY = YES;
				CLANG_WARN_ENUM_CONVERSION = YES;
				CLANG_WARN_INFINITE_RECURSION = YES;
				CLANG_WARN_INT_CONVERSION = YES;
				CLANG_WARN_NON_LITERAL_NULL_CONVERSION = YES;
				CLANG_WARN_OBJC_IMPLICIT_RETAIN_SELF = YES;
				CLANG_WARN_OBJC_LITERAL_CONVERSION = YES;
				CLANG_WARN_OBJC_ROOT_CLASS = YES_ERROR;
				CLANG_WARN_QUOTED_INCLUDE_IN_FRAMEWORK_HEADER = YES;
				CLANG_WARN_RANGE_LOOP_ANALYSIS = YES;
				CLANG_WARN_STRICT_PROTOTYPES = YES;
				CLANG_WARN_SUSPICIOUS_MOVE = YES;
				CLANG_WARN_UNGUARDED_AVAILABILITY = YES_AGGRESSIVE;
				CLANG_WARN_UNREACHABLE_CODE = YES;
				CLANG_WARN__DUPLICATE_METHOD_MATCH = YES;
				COPY_PHASE_STRIP = NO;
				DEBUG_INFORMATION_FORMAT = "dwarf-with-dsym";
				ENABLE_NS_ASSERTIONS = NO;
				ENABLE_STRICT_OBJC_MSGSEND = YES;
				GCC_C_LANGUAGE_STANDARD = gnu11;
				GCC_NO_COMMON_BLOCKS = YES;
				GCC_WARN_64_TO_32_BIT_CONVERSION = YES;
				GCC_WARN_ABOUT_RETURN_TYPE = YES_ERROR;
				GCC_WARN_UNDECLARED_SELECTOR = YES;
				GCC_WARN_UNINITIALIZED_AUTOS = YES_AGGRESSIVE;
				GCC_WARN_UNUSED_FUNCTION = YES;
				GCC_WARN_UNUSED_VARIABLE = YES;
				IPHONEOS_DEPLOYMENT_TARGET = 15.4;
				MTL_ENABLE_DEBUG_INFO = NO;
				MTL_FAST_MATH = YES;
				SDKROOT = iphoneos;
				SWIFT_COMPILATION_MODE = wholemodule;
				SWIFT_OPTIMIZATION_LEVEL = "-O";
				VALIDATE_PRODUCT = YES;
			};
			name = Release;
		};
		EBB3C4592816A25700768C2E /* Debug */ = {
			isa = XCBuildConfiguration;
			buildSettings = {
				ASSETCATALOG_COMPILER_APPICON_NAME = AppIcon;
				ASSETCATALOG_COMPILER_GLOBAL_ACCENT_COLOR_NAME = AccentColor;
				CODE_SIGN_STYLE = Automatic;
				CURRENT_PROJECT_VERSION = 1;
				DEVELOPMENT_ASSET_PATHS = "\"HorariosBus/Preview Content\"";
				DEVELOPMENT_TEAM = JXG85VJB92;
				ENABLE_PREVIEWS = YES;
				GENERATE_INFOPLIST_FILE = YES;
				INFOPLIST_KEY_UIApplicationSceneManifest_Generation = YES;
				INFOPLIST_KEY_UIApplicationSupportsIndirectInputEvents = YES;
				INFOPLIST_KEY_UILaunchScreen_Generation = YES;
				INFOPLIST_KEY_UISupportedInterfaceOrientations_iPad = "UIInterfaceOrientationPortrait UIInterfaceOrientationPortraitUpsideDown UIInterfaceOrientationLandscapeLeft UIInterfaceOrientationLandscapeRight";
				INFOPLIST_KEY_UISupportedInterfaceOrientations_iPhone = "UIInterfaceOrientationPortrait UIInterfaceOrientationLandscapeLeft UIInterfaceOrientationLandscapeRight";
				LD_RUNPATH_SEARCH_PATHS = (
					"$(inherited)",
					"@executable_path/Frameworks",
				);
				MARKETING_VERSION = 1.0;
				PRODUCT_BUNDLE_IDENTIFIER = com.estheralcoceba.HorariosBus;
				PRODUCT_NAME = "$(TARGET_NAME)";
				SWIFT_EMIT_LOC_STRINGS = YES;
				SWIFT_VERSION = 5.0;
				TARGETED_DEVICE_FAMILY = "1,2";
			};
			name = Debug;
		};
		EBB3C45A2816A25700768C2E /* Release */ = {
			isa = XCBuildConfiguration;
			buildSettings = {
				ASSETCATALOG_COMPILER_APPICON_NAME = AppIcon;
				ASSETCATALOG_COMPILER_GLOBAL_ACCENT_COLOR_NAME = AccentColor;
				CODE_SIGN_STYLE = Automatic;
				CURRENT_PROJECT_VERSION = 1;
				DEVELOPMENT_ASSET_PATHS = "\"HorariosBus/Preview Content\"";
				DEVELOPMENT_TEAM = JXG85VJB92;
				ENABLE_PREVIEWS = YES;
				GENERATE_INFOPLIST_FILE = YES;
				INFOPLIST_KEY_UIApplicationSceneManifest_Generation = YES;
				INFOPLIST_KEY_UIApplicationSupportsIndirectInputEvents = YES;
				INFOPLIST_KEY_UILaunchScreen_Generation = YES;
				INFOPLIST_KEY_UISupportedInterfaceOrientations_iPad = "UIInterfaceOrientationPortrait UIInterfaceOrientationPortraitUpsideDown UIInterfaceOrientationLandscapeLeft UIInterfaceOrientationLandscapeRight";
				INFOPLIST_KEY_UISupportedInterfaceOrientations_iPhone = "UIInterfaceOrientationPortrait UIInterfaceOrientationLandscapeLeft UIInterfaceOrientationLandscapeRight";
				LD_RUNPATH_SEARCH_PATHS = (
					"$(inherited)",
					"@executable_path/Frameworks",
				);
				MARKETING_VERSION = 1.0;
				PRODUCT_BUNDLE_IDENTIFIER = com.estheralcoceba.HorariosBus;
				PRODUCT_NAME = "$(TARGET_NAME)";
				SWIFT_EMIT_LOC_STRINGS = YES;
				SWIFT_VERSION = 5.0;
				TARGETED_DEVICE_FAMILY = "1,2";
			};
			name = Release;
		};
/* End XCBuildConfiguration section */

/* Begin XCConfigurationList section */
		EBB3C4452816A25500768C2E /* Build configuration list for PBXProject "HorariosBus" */ = {
			isa = XCConfigurationList;
			buildConfigurations = (
				EBB3C4562816A25700768C2E /* Debug */,
				EBB3C4572816A25700768C2E /* Release */,
			);
			defaultConfigurationIsVisible = 0;
			defaultConfigurationName = Release;
		};
		EBB3C4582816A25700768C2E /* Build configuration list for PBXNativeTarget "HorariosBus" */ = {
			isa = XCConfigurationList;
			buildConfigurations = (
				EBB3C4592816A25700768C2E /* Debug */,
				EBB3C45A2816A25700768C2E /* Release */,
			);
			defaultConfigurationIsVisible = 0;
			defaultConfigurationName = Release;
		};
/* End XCConfigurationList section */

/* Begin XCRemoteSwiftPackageReference section */
		EB2AABBC2840A82800A564A9 /* XCRemoteSwiftPackageReference "Alamofire" */ = {
			isa = XCRemoteSwiftPackageReference;
			repositoryURL = "https://github.com/Alamofire/Alamofire.git";
			requirement = {
				branch = master;
				kind = branch;
			};
		};
/* End XCRemoteSwiftPackageReference section */

/* Begin XCSwiftPackageProductDependency section */
		EB2AABBD2840A82800A564A9 /* Alamofire */ = {
			isa = XCSwiftPackageProductDependency;
			package = EB2AABBC2840A82800A564A9 /* XCRemoteSwiftPackageReference "Alamofire" */;
			productName = Alamofire;
		};
/* End XCSwiftPackageProductDependency section */

/* Begin XCVersionGroup section */
		EBB3C45B2816BD8800768C2E /* HorariosBus.xcdatamodeld */ = {
			isa = XCVersionGroup;
			children = (
				EBB3C45C2816BD8800768C2E /* HorariosBus.xcdatamodel */,
			);
			currentVersion = EBB3C45C2816BD8800768C2E /* HorariosBus.xcdatamodel */;
			path = HorariosBus.xcdatamodeld;
			sourceTree = "<group>";
			versionGroupType = wrapper.xcdatamodel;
		};
/* End XCVersionGroup section */
	};
	rootObject = EBB3C4422816A25500768C2E /* Project object */;
}
